
Microsoft Visual Studio Solution File, Format Version 12.00
# Visual Studio 15
Project("{FAE04EC0-301F-11D3-BF4B-00C04F79EFBC}") = "Assembly-CSharp", "Assembly-CSharp.csproj", "{AEBCE0DD-08CF-7A1E-1D75-51CF97F9BFB4}"
EndProject
Global
	GlobalSection(SolutionConfigurationPlatforms) = preSolution
		Debug|Any CPU = Debug|Any CPU
		Release|Any CPU = Release|Any CPU
	EndGlobalSection
	GlobalSection(ProjectConfigurationPlatforms) = postSolution
		{AEBCE0DD-08CF-7A1E-1D75-51CF97F9BFB4}.Debug|Any CPU.ActiveCfg = Debug|Any CPU
		{AEBCE0DD-08CF-7A1E-1D75-51CF97F9BFB4}.Debug|Any CPU.Build.0 = Debug|Any CPU
		{AEBCE0DD-08CF-7A1E-1D75-51CF97F9BFB4}.Release|Any CPU.ActiveCfg = Release|Any CPU
		{AEBCE0DD-08CF-7A1E-1D75-51CF97F9BFB4}.Release|Any CPU.Build.0 = Release|Any CPU
	EndGlobalSection
	GlobalSection(SolutionProperties) = preSolution
		HideSolutionNode = FALSE
	EndGlobalSection
EndGlobal
